{
  "name": "hono-repro",
  "version": "1.0.0",
  "lockfileVersion": 3,
  "requires": true,
  "packages": {
    "": {
      "name": "hono-repro",
      "version": "1.0.0",
      "license": "ISC",
      "dependencies": {
        "@hono/node-server": "^1.7.0",
        "hono": "^3.12.11"
      }
    },
    "node_modules/@hono/node-server": {
      "version": "1.7.0",
      "resolved": "https://registry.npmjs.org/@hono/node-server/-/node-server-1.7.0.tgz",
      "integrity": "sha512-W+Gy16xWZMgB8hYU4XInCwE746y8V3VDTH1J3+EhUBqbCzk4zEXo1p6dv3BiCD5O6Z4aHuoCW+mRKoJgUn3ZCA==",
      "engines": {
        "node": ">=18.14.1"
      }
    },
    "node_modules/hono": {
      "version": "3.12.12",
      "resolved": "https://registry.npmjs.org/hono/-/hono-3.12.12.tgz",
      "integrity": "sha512-5IAMJOXfpA5nT+K0MNjClchzz0IhBHs2Szl7WFAhrFOsbtQsYmNynFyJRg/a3IPsmCfxcrf8txUGiNShXpK5Rg==",
      "engines": {
        "node": ">=16.0.0"
      }
    }
  }
}
